
Microsoft Visual Studio Solution File, Format Version 12.00
# Visual Studio 14
VisualStudioVersion = 14.0.25420.1
MinimumVisualStudioVersion = 10.0.40219.1
Project("{FAE04EC0-301F-11D3-BF4B-00C04F79EFBC}") = "LBPL.PlugIn.IntegratedSystem", "LBPL.PlugIn.IntegratedSystem\LBPL.PlugIn.IntegratedSystem.csproj", "{30A355AB-1C66-4BD7-8ACC-28966D4EFF1F}"
EndProject
Project("{FAE04EC0-301F-11D3-BF4B-00C04F79EFBC}") = "LBPL.PlugIn.Integration", "LBPL.PlugIn.Integration\LBPL.PlugIn.Integration.csproj", "{76C10B30-FCB6-440B-ACD3-7D7688CF142A}"
EndProject
Project("{2150E333-8FDC-42A3-9474-1A3956D46DE8}") = "LBPL.PlugIn.ServicePluginLibrary", "LBPL.PlugIn.ServicePluginLibrary", "{86A8508B-AC52-4112-BFF3-3AF460704CB0}"
EndProject
Project("{FAE04EC0-301F-11D3-BF4B-00C04F79EFBC}") = "LBPL.PlugIn.WriteFileServicePlugin", "LBPL.PlugIn.WriteFileServicePlugin\LBPL.PlugIn.WriteFileServicePlugin.csproj", "{0D7B994D-B577-4F5A-B7C8-9F26BFC5DE71}"
EndProject
Project("{FAE04EC0-301F-11D3-BF4B-00C04F79EFBC}") = "LBPL.PlugIn.CreateDirServicePlugin", "LBPL.PlugIn.CreateDirServicePlugin\LBPL.PlugIn.CreateDirServicePlugin.csproj", "{23F52F70-8765-4C7A-AFE4-43A215E3EB31}"
EndProject
Project("{FAE04EC0-301F-11D3-BF4B-00C04F79EFBC}") = "LBPL.PlugIn.Model", "LBPL.PlugIn.Model\LBPL.PlugIn.Model.csproj", "{FC35FA58-FE83-45A1-A42E-056048E4926E}"
EndProject
Project("{2150E333-8FDC-42A3-9474-1A3956D46DE8}") = "Document", "Document", "{A0C49CBC-5C1E-40C2-8C74-DC497A46B39A}"
	ProjectSection(SolutionItems) = preProject
		C:\Users\Administrator.USER-20160525MI\Desktop\LBPL项目说明.txt = C:\Users\Administrator.USER-20160525MI\Desktop\LBPL项目说明.txt
		开发步骤说明.txt = 开发步骤说明.txt
		详细开发说明.txt = 详细开发说明.txt
		阶段说明.txt = 阶段说明.txt
	EndProjectSection
EndProject
Project("{FAE04EC0-301F-11D3-BF4B-00C04F79EFBC}") = "LBPL.PlugIn.Core", "LBPL.PlugIn.Core\LBPL.PlugIn.Core.csproj", "{9A8F9972-40D5-421D-817D-01609761A795}"
EndProject
Project("{FAE04EC0-301F-11D3-BF4B-00C04F79EFBC}") = "LBPL.PlugIn.IntegrationTests", "LBPL.PlugIn.IntegrationTests\LBPL.PlugIn.IntegrationTests.csproj", "{AD42F32A-280D-4E01-8593-A703B091EBE8}"
EndProject
Project("{2150E333-8FDC-42A3-9474-1A3956D46DE8}") = "LBPL.PlugIn.Test", "LBPL.PlugIn.Test", "{AF855E5E-3655-40E3-9B44-30035925DC4A}"
EndProject
Global
	GlobalSection(SolutionConfigurationPlatforms) = preSolution
		Debug|Any CPU = Debug|Any CPU
		Release|Any CPU = Release|Any CPU
	EndGlobalSection
	GlobalSection(ProjectConfigurationPlatforms) = postSolution
		{30A355AB-1C66-4BD7-8ACC-28966D4EFF1F}.Debug|Any CPU.ActiveCfg = Debug|Any CPU
		{30A355AB-1C66-4BD7-8ACC-28966D4EFF1F}.Debug|Any CPU.Build.0 = Debug|Any CPU
		{30A355AB-1C66-4BD7-8ACC-28966D4EFF1F}.Release|Any CPU.ActiveCfg = Release|Any CPU
		{30A355AB-1C66-4BD7-8ACC-28966D4EFF1F}.Release|Any CPU.Build.0 = Release|Any CPU
		{76C10B30-FCB6-440B-ACD3-7D7688CF142A}.Debug|Any CPU.ActiveCfg = Debug|Any CPU
		{76C10B30-FCB6-440B-ACD3-7D7688CF142A}.Debug|Any CPU.Build.0 = Debug|Any CPU
		{76C10B30-FCB6-440B-ACD3-7D7688CF142A}.Release|Any CPU.ActiveCfg = Release|Any CPU
		{76C10B30-FCB6-440B-ACD3-7D7688CF142A}.Release|Any CPU.Build.0 = Release|Any CPU
		{0D7B994D-B577-4F5A-B7C8-9F26BFC5DE71}.Debug|Any CPU.ActiveCfg = Debug|Any CPU
		{0D7B994D-B577-4F5A-B7C8-9F26BFC5DE71}.Debug|Any CPU.Build.0 = Debug|Any CPU
		{0D7B994D-B577-4F5A-B7C8-9F26BFC5DE71}.Release|Any CPU.ActiveCfg = Release|Any CPU
		{0D7B994D-B577-4F5A-B7C8-9F26BFC5DE71}.Release|Any CPU.Build.0 = Release|Any CPU
		{23F52F70-8765-4C7A-AFE4-43A215E3EB31}.Debug|Any CPU.ActiveCfg = Debug|Any CPU
		{23F52F70-8765-4C7A-AFE4-43A215E3EB31}.Debug|Any CPU.Build.0 = Debug|Any CPU
		{23F52F70-8765-4C7A-AFE4-43A215E3EB31}.Release|Any CPU.ActiveCfg = Release|Any CPU
		{23F52F70-8765-4C7A-AFE4-43A215E3EB31}.Release|Any CPU.Build.0 = Release|Any CPU
		{FC35FA58-FE83-45A1-A42E-056048E4926E}.Debug|Any CPU.ActiveCfg = Debug|Any CPU
		{FC35FA58-FE83-45A1-A42E-056048E4926E}.Debug|Any CPU.Build.0 = Debug|Any CPU
		{FC35FA58-FE83-45A1-A42E-056048E4926E}.Release|Any CPU.ActiveCfg = Release|Any CPU
		{FC35FA58-FE83-45A1-A42E-056048E4926E}.Release|Any CPU.Build.0 = Release|Any CPU
		{9A8F9972-40D5-421D-817D-01609761A795}.Debug|Any CPU.ActiveCfg = Debug|Any CPU
		{9A8F9972-40D5-421D-817D-01609761A795}.Debug|Any CPU.Build.0 = Debug|Any CPU
		{9A8F9972-40D5-421D-817D-01609761A795}.Release|Any CPU.ActiveCfg = Release|Any CPU
		{9A8F9972-40D5-421D-817D-01609761A795}.Release|Any CPU.Build.0 = Release|Any CPU
		{AD42F32A-280D-4E01-8593-A703B091EBE8}.Debug|Any CPU.ActiveCfg = Debug|Any CPU
		{AD42F32A-280D-4E01-8593-A703B091EBE8}.Debug|Any CPU.Build.0 = Debug|Any CPU
		{AD42F32A-280D-4E01-8593-A703B091EBE8}.Release|Any CPU.ActiveCfg = Release|Any CPU
		{AD42F32A-280D-4E01-8593-A703B091EBE8}.Release|Any CPU.Build.0 = Release|Any CPU
	EndGlobalSection
	GlobalSection(SolutionProperties) = preSolution
		HideSolutionNode = FALSE
	EndGlobalSection
	GlobalSection(NestedProjects) = preSolution
		{0D7B994D-B577-4F5A-B7C8-9F26BFC5DE71} = {86A8508B-AC52-4112-BFF3-3AF460704CB0}
		{23F52F70-8765-4C7A-AFE4-43A215E3EB31} = {86A8508B-AC52-4112-BFF3-3AF460704CB0}
		{AD42F32A-280D-4E01-8593-A703B091EBE8} = {AF855E5E-3655-40E3-9B44-30035925DC4A}
	EndGlobalSection
EndGlobal
